
Microsoft Visual Studio Solution File, Format Version 12.00
# Visual Studio Version 16
VisualStudioVersion = 16.0.30413.136
MinimumVisualStudioVersion = 10.0.40219.1
Project("{FAE04EC0-301F-11D3-BF4B-00C04F79EFBC}") = "DeMoCaro", "DeMoCaro\DeMoCaro.csproj", "{094E1DD3-E4F7-479E-94B9-A8DA5EE71868}"
EndProject
Project("{FAE04EC0-301F-11D3-BF4B-00C04F79EFBC}") = "AI", "AI\AI.csproj", "{3F53D2D3-773E-4E1B-B6E6-BCA092E71FD0}"
EndProject
Global
	GlobalSection(SolutionConfigurationPlatforms) = preSolution
		CD_ROM|Any CPU = CD_ROM|Any CPU
		Debug|Any CPU = Debug|Any CPU
		DVD-5|Any CPU = DVD-5|Any CPU
		Release|Any CPU = Release|Any CPU
		SingleImage|Any CPU = SingleImage|Any CPU
	EndGlobalSection
	GlobalSection(ProjectConfigurationPlatforms) = postSolution
		{094E1DD3-E4F7-479E-94B9-A8DA5EE71868}.CD_ROM|Any CPU.ActiveCfg = Release|Any CPU
		{094E1DD3-E4F7-479E-94B9-A8DA5EE71868}.CD_ROM|Any CPU.Build.0 = Release|Any CPU
		{094E1DD3-E4F7-479E-94B9-A8DA5EE71868}.Debug|Any CPU.ActiveCfg = Debug|Any CPU
		{094E1DD3-E4F7-479E-94B9-A8DA5EE71868}.Debug|Any CPU.Build.0 = Debug|Any CPU
		{094E1DD3-E4F7-479E-94B9-A8DA5EE71868}.DVD-5|Any CPU.ActiveCfg = Debug|Any CPU
		{094E1DD3-E4F7-479E-94B9-A8DA5EE71868}.DVD-5|Any CPU.Build.0 = Debug|Any CPU
		{094E1DD3-E4F7-479E-94B9-A8DA5EE71868}.Release|Any CPU.ActiveCfg = Release|Any CPU
		{094E1DD3-E4F7-479E-94B9-A8DA5EE71868}.Release|Any CPU.Build.0 = Release|Any CPU
		{094E1DD3-E4F7-479E-94B9-A8DA5EE71868}.SingleImage|Any CPU.ActiveCfg = Release|Any CPU
		{094E1DD3-E4F7-479E-94B9-A8DA5EE71868}.SingleImage|Any CPU.Build.0 = Release|Any CPU
		{3F53D2D3-773E-4E1B-B6E6-BCA092E71FD0}.CD_ROM|Any CPU.ActiveCfg = Release|Any CPU
		{3F53D2D3-773E-4E1B-B6E6-BCA092E71FD0}.CD_ROM|Any CPU.Build.0 = Release|Any CPU
		{3F53D2D3-773E-4E1B-B6E6-BCA092E71FD0}.Debug|Any CPU.ActiveCfg = Debug|Any CPU
		{3F53D2D3-773E-4E1B-B6E6-BCA092E71FD0}.Debug|Any CPU.Build.0 = Debug|Any CPU
		{3F53D2D3-773E-4E1B-B6E6-BCA092E71FD0}.DVD-5|Any CPU.ActiveCfg = Debug|Any CPU
		{3F53D2D3-773E-4E1B-B6E6-BCA092E71FD0}.DVD-5|Any CPU.Build.0 = Debug|Any CPU
		{3F53D2D3-773E-4E1B-B6E6-BCA092E71FD0}.Release|Any CPU.ActiveCfg = Release|Any CPU
		{3F53D2D3-773E-4E1B-B6E6-BCA092E71FD0}.Release|Any CPU.Build.0 = Release|Any CPU
		{3F53D2D3-773E-4E1B-B6E6-BCA092E71FD0}.SingleImage|Any CPU.ActiveCfg = Release|Any CPU
		{3F53D2D3-773E-4E1B-B6E6-BCA092E71FD0}.SingleImage|Any CPU.Build.0 = Release|Any CPU
	EndGlobalSection
	GlobalSection(SolutionProperties) = preSolution
		HideSolutionNode = FALSE
	EndGlobalSection
	GlobalSection(ExtensibilityGlobals) = postSolution
		SolutionGuid = {25FD54A3-5E20-49EC-B10E-C71D52143D69}
	EndGlobalSection
EndGlobal
